
Microsoft Visual Studio Solution File, Format Version 12.00
# Visual Studio Version 17
VisualStudioVersion = 17.11.35312.102
MinimumVisualStudioVersion = 10.0.40219.1
Project("{FAE04EC0-301F-11D3-BF4B-00C04F79EFBC}") = "OnlineUserManagment", "OnlineUserManagment\OnlineUserManagment.csproj", "{E6C85A78-4BF6-474B-8861-2FC732406C60}"
EndProject
Project("{FAE04EC0-301F-11D3-BF4B-00C04F79EFBC}") = "OnlineUserManagment.Infrastructure", "OnlineUserManagment.Infrastructure\OnlineUserManagment.Infrastructure.csproj", "{0EF8D858-1090-40CC-9CDF-4EFE81B66BF0}"
EndProject
Project("{FAE04EC0-301F-11D3-BF4B-00C04F79EFBC}") = "OnlineUserManagment.Domain", "OnlineUserManagment.Domain\OnlineUserManagment.Domain.csproj", "{E307E02F-C397-4092-81C9-CED56F1361CF}"
EndProject
Global
	GlobalSection(SolutionConfigurationPlatforms) = preSolution
		Debug|Any CPU = Debug|Any CPU
		Release|Any CPU = Release|Any CPU
	EndGlobalSection
	GlobalSection(ProjectConfigurationPlatforms) = postSolution
		{E6C85A78-4BF6-474B-8861-2FC732406C60}.Debug|Any CPU.ActiveCfg = Debug|Any CPU
		{E6C85A78-4BF6-474B-8861-2FC732406C60}.Debug|Any CPU.Build.0 = Debug|Any CPU
		{E6C85A78-4BF6-474B-8861-2FC732406C60}.Release|Any CPU.ActiveCfg = Release|Any CPU
		{E6C85A78-4BF6-474B-8861-2FC732406C60}.Release|Any CPU.Build.0 = Release|Any CPU
		{0EF8D858-1090-40CC-9CDF-4EFE81B66BF0}.Debug|Any CPU.ActiveCfg = Debug|Any CPU
		{0EF8D858-1090-40CC-9CDF-4EFE81B66BF0}.Debug|Any CPU.Build.0 = Debug|Any CPU
		{0EF8D858-1090-40CC-9CDF-4EFE81B66BF0}.Release|Any CPU.ActiveCfg = Release|Any CPU
		{0EF8D858-1090-40CC-9CDF-4EFE81B66BF0}.Release|Any CPU.Build.0 = Release|Any CPU
		{E307E02F-C397-4092-81C9-CED56F1361CF}.Debug|Any CPU.ActiveCfg = Debug|Any CPU
		{E307E02F-C397-4092-81C9-CED56F1361CF}.Debug|Any CPU.Build.0 = Debug|Any CPU
		{E307E02F-C397-4092-81C9-CED56F1361CF}.Release|Any CPU.ActiveCfg = Release|Any CPU
		{E307E02F-C397-4092-81C9-CED56F1361CF}.Release|Any CPU.Build.0 = Release|Any CPU
	EndGlobalSection
	GlobalSection(SolutionProperties) = preSolution
		HideSolutionNode = FALSE
	EndGlobalSection
	GlobalSection(ExtensibilityGlobals) = postSolution
		SolutionGuid = {49948DEE-0F62-4621-B06E-3DA56034ECD8}
	EndGlobalSection
EndGlobal
